{
  "nodes": {
    "code-graph": {
      "inputs": {
        "flake-utils": [
          "flake-utils"
        ],
        "nixpkgs": [
          "nixpkgs"
        ]
      },
      "locked": {
        "path": "./servers/code-graph",
        "type": "path"
      },
      "original": {
        "path": "./servers/code-graph",
        "type": "path"
      },
      "parent": []
    },
    "codebase": {
      "inputs": {
        "flake-utils": [
          "flake-utils"
        ],
        "nixpkgs": [
          "nixpkgs"
        ]
      },
      "locked": {
        "path": "./servers/codebase",
        "type": "path"
      },
      "original": {
        "path": "./servers/codebase",
        "type": "path"
      },
      "parent": []
    },
    "flake-utils": {
      "inputs": {
        "systems": "systems"
      },
      "locked": {
        "lastModified": 1731533236,
        "narHash": "sha256-l0KFg5HjrsfsO/JpG+r7fRrqm12kzFHyUHqHCVpMMbI=",
        "owner": "numtide",
        "repo": "flake-utils",
        "rev": "11707dc2f618dd54ca8739b309ec4fc024de578b",
        "type": "github"
      },
      "original": {
        "owner": "numtide",
        "repo": "flake-utils",
        "type": "github"
      }
    },
    "git-guard": {
      "inputs": {
        "flake-utils": [
          "flake-utils"
        ],
        "nixpkgs": [
          "nixpkgs"
        ]
      },
      "locked": {
        "path": "./servers/git-guard",
        "type": "path"
      },
      "original": {
        "path": "./servers/git-guard",
        "type": "path"
      },
      "parent": []
    },
    "nixpkgs": {
      "locked": {
        "lastModified": 1779508470,
        "narHash": "sha256-Ap9KJX+5xHIn3bPIpfNgT6MEXdAECECwo4/rmlQD74M=",
        "owner": "NixOS",
        "repo": "nixpkgs",
        "rev": "29916453413845e54a65b8a1cf996842300cd299",
        "type": "github"
      },
      "original": {
        "owner": "NixOS",
        "ref": "nixos-unstable",
        "repo": "nixpkgs",
        "type": "github"
      }
    },
    "root": {
      "inputs": {
        "code-graph": "code-graph",
        "codebase": "codebase",
        "flake-utils": "flake-utils",
        "git-guard": "git-guard",
        "nixpkgs": "nixpkgs",
        "task-runner": "task-runner",
        "test-runner": "test-runner",
        "web-browser": "web-browser",
        "web-search": "web-search"
      }
    },
    "systems": {
      "locked": {
        "lastModified": 1681028828,
        "narHash": "sha256-Vy1rq5AaRuLzOxct8nz4T6wlgyUR7zLU309k9mBC768=",
        "owner": "nix-systems",
        "repo": "default",
        "rev": "da67096a3b9bf56a91d16901293e51ba5b49a27e",
        "type": "github"
      },
      "original": {
        "owner": "nix-systems",
        "repo": "default",
        "type": "github"
      }
    },
    "task-runner": {
      "inputs": {
        "flake-utils": [
          "flake-utils"
        ],
        "nixpkgs": [
          "nixpkgs"
        ]
      },
      "locked": {
        "path": "./servers/task-runner",
        "type": "path"
      },
      "original": {
        "path": "./servers/task-runner",
        "type": "path"
      },
      "parent": []
    },
    "test-runner": {
      "inputs": {
        "flake-utils": [
          "flake-utils"
        ],
        "nixpkgs": [
          "nixpkgs"
        ]
      },
      "locked": {
        "path": "./servers/test-runner",
        "type": "path"
      },
      "original": {
        "path": "./servers/test-runner",
        "type": "path"
      },
      "parent": []
    },
    "web-browser": {
      "inputs": {
        "flake-utils": [
          "flake-utils"
        ],
        "nixpkgs": [
          "nixpkgs"
        ]
      },
      "locked": {
        "path": "./servers/web-browser",
        "type": "path"
      },
      "original": {
        "path": "./servers/web-browser",
        "type": "path"
      },
      "parent": []
    },
    "web-search": {
      "inputs": {
        "flake-utils": [
          "flake-utils"
        ],
        "nixpkgs": [
          "nixpkgs"
        ]
      },
      "locked": {
        "path": "./servers/web-search",
        "type": "path"
      },
      "original": {
        "path": "./servers/web-search",
        "type": "path"
      },
      "parent": []
    }
  },
  "root": "root",
  "version": 7
}
